<Solution>
  <Folder Name="/src/" />
  <Folder Name="/src/API/">
    <Project Path="src/API/FoodCampus.API.csproj" />
  </Folder>
  <Folder Name="/src/Application/">
    <Project Path="src/Application/FoodCampus.Application.csproj" />
  </Folder>
  <Folder Name="/src/Domain/">
    <Project Path="src/Domain/FoodCampus.Domain.csproj" />
  </Folder>
  <Folder Name="/src/Infrastructure/">
    <Project Path="src/Infrastructure/FoodCampus.Infrastructure.csproj" />
  </Folder>
</Solution>
